
Microsoft Visual Studio Solution File, Format Version 12.00
# Visual Studio 2013
VisualStudioVersion = 12.0.31101.0
MinimumVisualStudioVersion = 10.0.40219.1
Project("{FAE04EC0-301F-11D3-BF4B-00C04F79EFBC}") = "ConnectUs.Core", "ConnectUs.Core\ConnectUs.Core.csproj", "{E8D6208B-FA4F-46CA-8226-E20343BF3D34}"
EndProject
Project("{FAE04EC0-301F-11D3-BF4B-00C04F79EFBC}") = "ConnectUs.Core.Tests", "ConnectUs.Core.Tests\ConnectUs.Core.Tests.csproj", "{179D85D7-2DAA-4352-9C6C-F0AAF954C815}"
EndProject
Project("{FAE04EC0-301F-11D3-BF4B-00C04F79EFBC}") = "ConnectUs.ClientSide", "ConnectUs.ClientSide\ConnectUs.ClientSide.csproj", "{666554C4-D914-43E3-8B79-004B5DC63454}"
EndProject
Project("{FAE04EC0-301F-11D3-BF4B-00C04F79EFBC}") = "ConnectUs.ServerSide.Command", "ConnectUs.ServerSide.Command\ConnectUs.ServerSide.Command.csproj", "{DBA17D0D-5B52-48DF-98E3-8D44DEDEE1C2}"
EndProject
Project("{FAE04EC0-301F-11D3-BF4B-00C04F79EFBC}") = "ConnectUs.ServerSide.Application", "ConnectUs.ServerSide.Application\ConnectUs.ServerSide.Application.csproj", "{443E70B9-AD66-451F-B19D-136D4AAB01A1}"
EndProject
Project("{2150E333-8FDC-42A3-9474-1A3956D46DE8}") = "Modules", "Modules", "{9920928A-578D-4F3E-A18B-388F175F3B84}"
EndProject
Project("{FAE04EC0-301F-11D3-BF4B-00C04F79EFBC}") = "ConnectUs.FileExplorer", "ConnectUs.FileExplorer\ConnectUs.FileExplorer.csproj", "{671D76D7-BEE3-4BCD-923E-C09A4484F3FF}"
EndProject
Project("{FAE04EC0-301F-11D3-BF4B-00C04F79EFBC}") = "ConnectUs.ServerSide.Command.Tests", "ConnectUs.ServerSide.Command.Tests\ConnectUs.ServerSide.Command.Tests.csproj", "{8ABE9201-0A67-4934-A010-C20871EFE79E}"
EndProject
Project("{FAE04EC0-301F-11D3-BF4B-00C04F79EFBC}") = "ConnectUs.ServerSide.Business", "ConnectUs.ServerSide.Business\ConnectUs.ServerSide.Business.csproj", "{2D436FFC-CFA2-4F3F-B4A3-CD203C8E1DFF}"
EndProject
Project("{FAE04EC0-301F-11D3-BF4B-00C04F79EFBC}") = "ConnectUs.Modules.Integrated", "ConnectUs.Modules.Integrated\ConnectUs.Modules.Integrated.csproj", "{36A3A9FC-41BB-417D-BBEA-A8CCB17B89AB}"
EndProject
Global
	GlobalSection(SolutionConfigurationPlatforms) = preSolution
		Debug|Any CPU = Debug|Any CPU
		Release|Any CPU = Release|Any CPU
	EndGlobalSection
	GlobalSection(ProjectConfigurationPlatforms) = postSolution
		{E8D6208B-FA4F-46CA-8226-E20343BF3D34}.Debug|Any CPU.ActiveCfg = Debug|Any CPU
		{E8D6208B-FA4F-46CA-8226-E20343BF3D34}.Debug|Any CPU.Build.0 = Debug|Any CPU
		{E8D6208B-FA4F-46CA-8226-E20343BF3D34}.Release|Any CPU.ActiveCfg = Release|Any CPU
		{E8D6208B-FA4F-46CA-8226-E20343BF3D34}.Release|Any CPU.Build.0 = Release|Any CPU
		{179D85D7-2DAA-4352-9C6C-F0AAF954C815}.Debug|Any CPU.ActiveCfg = Debug|Any CPU
		{179D85D7-2DAA-4352-9C6C-F0AAF954C815}.Debug|Any CPU.Build.0 = Debug|Any CPU
		{179D85D7-2DAA-4352-9C6C-F0AAF954C815}.Release|Any CPU.ActiveCfg = Release|Any CPU
		{179D85D7-2DAA-4352-9C6C-F0AAF954C815}.Release|Any CPU.Build.0 = Release|Any CPU
		{666554C4-D914-43E3-8B79-004B5DC63454}.Debug|Any CPU.ActiveCfg = Debug|Any CPU
		{666554C4-D914-43E3-8B79-004B5DC63454}.Debug|Any CPU.Build.0 = Debug|Any CPU
		{666554C4-D914-43E3-8B79-004B5DC63454}.Release|Any CPU.ActiveCfg = Release|Any CPU
		{666554C4-D914-43E3-8B79-004B5DC63454}.Release|Any CPU.Build.0 = Release|Any CPU
		{DBA17D0D-5B52-48DF-98E3-8D44DEDEE1C2}.Debug|Any CPU.ActiveCfg = Debug|Any CPU
		{DBA17D0D-5B52-48DF-98E3-8D44DEDEE1C2}.Debug|Any CPU.Build.0 = Debug|Any CPU
		{DBA17D0D-5B52-48DF-98E3-8D44DEDEE1C2}.Release|Any CPU.ActiveCfg = Release|Any CPU
		{DBA17D0D-5B52-48DF-98E3-8D44DEDEE1C2}.Release|Any CPU.Build.0 = Release|Any CPU
		{443E70B9-AD66-451F-B19D-136D4AAB01A1}.Debug|Any CPU.ActiveCfg = Debug|Any CPU
		{443E70B9-AD66-451F-B19D-136D4AAB01A1}.Debug|Any CPU.Build.0 = Debug|Any CPU
		{443E70B9-AD66-451F-B19D-136D4AAB01A1}.Release|Any CPU.ActiveCfg = Release|Any CPU
		{443E70B9-AD66-451F-B19D-136D4AAB01A1}.Release|Any CPU.Build.0 = Release|Any CPU
		{671D76D7-BEE3-4BCD-923E-C09A4484F3FF}.Debug|Any CPU.ActiveCfg = Debug|Any CPU
		{671D76D7-BEE3-4BCD-923E-C09A4484F3FF}.Debug|Any CPU.Build.0 = Debug|Any CPU
		{671D76D7-BEE3-4BCD-923E-C09A4484F3FF}.Release|Any CPU.ActiveCfg = Release|Any CPU
		{671D76D7-BEE3-4BCD-923E-C09A4484F3FF}.Release|Any CPU.Build.0 = Release|Any CPU
		{8ABE9201-0A67-4934-A010-C20871EFE79E}.Debug|Any CPU.ActiveCfg = Debug|Any CPU
		{8ABE9201-0A67-4934-A010-C20871EFE79E}.Debug|Any CPU.Build.0 = Debug|Any CPU
		{8ABE9201-0A67-4934-A010-C20871EFE79E}.Release|Any CPU.ActiveCfg = Release|Any CPU
		{8ABE9201-0A67-4934-A010-C20871EFE79E}.Release|Any CPU.Build.0 = Release|Any CPU
		{2D436FFC-CFA2-4F3F-B4A3-CD203C8E1DFF}.Debug|Any CPU.ActiveCfg = Debug|Any CPU
		{2D436FFC-CFA2-4F3F-B4A3-CD203C8E1DFF}.Debug|Any CPU.Build.0 = Debug|Any CPU
		{2D436FFC-CFA2-4F3F-B4A3-CD203C8E1DFF}.Release|Any CPU.ActiveCfg = Release|Any CPU
		{2D436FFC-CFA2-4F3F-B4A3-CD203C8E1DFF}.Release|Any CPU.Build.0 = Release|Any CPU
		{36A3A9FC-41BB-417D-BBEA-A8CCB17B89AB}.Debug|Any CPU.ActiveCfg = Debug|Any CPU
		{36A3A9FC-41BB-417D-BBEA-A8CCB17B89AB}.Debug|Any CPU.Build.0 = Debug|Any CPU
		{36A3A9FC-41BB-417D-BBEA-A8CCB17B89AB}.Release|Any CPU.ActiveCfg = Release|Any CPU
		{36A3A9FC-41BB-417D-BBEA-A8CCB17B89AB}.Release|Any CPU.Build.0 = Release|Any CPU
	EndGlobalSection
	GlobalSection(SolutionProperties) = preSolution
		HideSolutionNode = FALSE
	EndGlobalSection
	GlobalSection(NestedProjects) = preSolution
		{671D76D7-BEE3-4BCD-923E-C09A4484F3FF} = {9920928A-578D-4F3E-A18B-388F175F3B84}
		{36A3A9FC-41BB-417D-BBEA-A8CCB17B89AB} = {9920928A-578D-4F3E-A18B-388F175F3B84}
	EndGlobalSection
EndGlobal
