
Microsoft Visual Studio Solution File, Format Version 12.00
# Visual Studio 2013
VisualStudioVersion = 12.0.30501.0
MinimumVisualStudioVersion = 10.0.40219.1
Project("{FAE04EC0-301F-11D3-BF4B-00C04F79EFBC}") = "ConnectUs.Business", "ConnectUs.Business\ConnectUs.Business.csproj", "{E8D6208B-FA4F-46CA-8226-E20343BF3D34}"
EndProject
Project("{FAE04EC0-301F-11D3-BF4B-00C04F79EFBC}") = "ConnectUs.Business.Tests", "ConnectUs.Business.Tests\ConnectUs.Business.Tests.csproj", "{179D85D7-2DAA-4352-9C6C-F0AAF954C815}"
EndProject
Project("{FAE04EC0-301F-11D3-BF4B-00C04F79EFBC}") = "ConnectUs.ClientSide", "ConnectUs.ClientSide\ConnectUs.ClientSide.csproj", "{666554C4-D914-43E3-8B79-004B5DC63454}"
EndProject
Project("{2150E333-8FDC-42A3-9474-1A3956D46DE8}") = "Sources", "Sources", "{A7E7AFC4-BEB9-4F25-AFD5-517D41ADD35E}"
EndProject
Project("{FAE04EC0-301F-11D3-BF4B-00C04F79EFBC}") = "ConnectUs.ServerSide", "ConnectUs.ServerSide\ConnectUs.ServerSide.csproj", "{A5ACF831-6303-45A6-BF03-2B85359CAFBA}"
EndProject
Project("{FAE04EC0-301F-11D3-BF4B-00C04F79EFBC}") = "ConnectUs.ServerSide.Command", "ConnectUs.ServerSide.Command\ConnectUs.ServerSide.Command.csproj", "{DBA17D0D-5B52-48DF-98E3-8D44DEDEE1C2}"
EndProject
Global
	GlobalSection(SolutionConfigurationPlatforms) = preSolution
		Debug|Any CPU = Debug|Any CPU
		Release|Any CPU = Release|Any CPU
	EndGlobalSection
	GlobalSection(ProjectConfigurationPlatforms) = postSolution
		{E8D6208B-FA4F-46CA-8226-E20343BF3D34}.Debug|Any CPU.ActiveCfg = Debug|Any CPU
		{E8D6208B-FA4F-46CA-8226-E20343BF3D34}.Debug|Any CPU.Build.0 = Debug|Any CPU
		{E8D6208B-FA4F-46CA-8226-E20343BF3D34}.Release|Any CPU.ActiveCfg = Release|Any CPU
		{E8D6208B-FA4F-46CA-8226-E20343BF3D34}.Release|Any CPU.Build.0 = Release|Any CPU
		{179D85D7-2DAA-4352-9C6C-F0AAF954C815}.Debug|Any CPU.ActiveCfg = Debug|Any CPU
		{179D85D7-2DAA-4352-9C6C-F0AAF954C815}.Debug|Any CPU.Build.0 = Debug|Any CPU
		{179D85D7-2DAA-4352-9C6C-F0AAF954C815}.Release|Any CPU.ActiveCfg = Release|Any CPU
		{179D85D7-2DAA-4352-9C6C-F0AAF954C815}.Release|Any CPU.Build.0 = Release|Any CPU
		{666554C4-D914-43E3-8B79-004B5DC63454}.Debug|Any CPU.ActiveCfg = Debug|Any CPU
		{666554C4-D914-43E3-8B79-004B5DC63454}.Debug|Any CPU.Build.0 = Debug|Any CPU
		{666554C4-D914-43E3-8B79-004B5DC63454}.Release|Any CPU.ActiveCfg = Release|Any CPU
		{666554C4-D914-43E3-8B79-004B5DC63454}.Release|Any CPU.Build.0 = Release|Any CPU
		{A5ACF831-6303-45A6-BF03-2B85359CAFBA}.Debug|Any CPU.ActiveCfg = Debug|Any CPU
		{A5ACF831-6303-45A6-BF03-2B85359CAFBA}.Debug|Any CPU.Build.0 = Debug|Any CPU
		{A5ACF831-6303-45A6-BF03-2B85359CAFBA}.Release|Any CPU.ActiveCfg = Release|Any CPU
		{A5ACF831-6303-45A6-BF03-2B85359CAFBA}.Release|Any CPU.Build.0 = Release|Any CPU
		{DBA17D0D-5B52-48DF-98E3-8D44DEDEE1C2}.Debug|Any CPU.ActiveCfg = Debug|Any CPU
		{DBA17D0D-5B52-48DF-98E3-8D44DEDEE1C2}.Debug|Any CPU.Build.0 = Debug|Any CPU
		{DBA17D0D-5B52-48DF-98E3-8D44DEDEE1C2}.Release|Any CPU.ActiveCfg = Release|Any CPU
		{DBA17D0D-5B52-48DF-98E3-8D44DEDEE1C2}.Release|Any CPU.Build.0 = Release|Any CPU
	EndGlobalSection
	GlobalSection(SolutionProperties) = preSolution
		HideSolutionNode = FALSE
	EndGlobalSection
	GlobalSection(NestedProjects) = preSolution
		{E8D6208B-FA4F-46CA-8226-E20343BF3D34} = {A7E7AFC4-BEB9-4F25-AFD5-517D41ADD35E}
		{666554C4-D914-43E3-8B79-004B5DC63454} = {A7E7AFC4-BEB9-4F25-AFD5-517D41ADD35E}
		{A5ACF831-6303-45A6-BF03-2B85359CAFBA} = {A7E7AFC4-BEB9-4F25-AFD5-517D41ADD35E}
		{DBA17D0D-5B52-48DF-98E3-8D44DEDEE1C2} = {A7E7AFC4-BEB9-4F25-AFD5-517D41ADD35E}
	EndGlobalSection
EndGlobal
